
Microsoft Visual Studio Solution File, Format Version 12.00
# Visual Studio Version 17
VisualStudioVersion = 17.6.33801.468
MinimumVisualStudioVersion = 10.0.40219.1
Project("{FAE04EC0-301F-11D3-BF4B-00C04F79EFBC}") = "TrainingWebAppMVC", "TrainingWebAppMVC\TrainingWebAppMVC.csproj", "{A6795587-7095-458F-B5FD-0B12BDC41725}"
EndProject
Global
	GlobalSection(SolutionConfigurationPlatforms) = preSolution
		Debug|Any CPU = Debug|Any CPU
		Release|Any CPU = Release|Any CPU
	EndGlobalSection
	GlobalSection(ProjectConfigurationPlatforms) = postSolution
		{A6795587-7095-458F-B5FD-0B12BDC41725}.Debug|Any CPU.ActiveCfg = Debug|Any CPU
		{A6795587-7095-458F-B5FD-0B12BDC41725}.Debug|Any CPU.Build.0 = Debug|Any CPU
		{A6795587-7095-458F-B5FD-0B12BDC41725}.Release|Any CPU.ActiveCfg = Release|Any CPU
		{A6795587-7095-458F-B5FD-0B12BDC41725}.Release|Any CPU.Build.0 = Release|Any CPU
	EndGlobalSection
	GlobalSection(SolutionProperties) = preSolution
		HideSolutionNode = FALSE
	EndGlobalSection
	GlobalSection(ExtensibilityGlobals) = postSolution
		SolutionGuid = {5D99AA8A-1B71-4413-A18D-6F3C236AD5A0}
	EndGlobalSection
EndGlobal
